
Microsoft Visual Studio Solution File, Format Version 12.00
# Visual Studio Version 16
VisualStudioVersion = 16.0.30011.22
MinimumVisualStudioVersion = 10.0.40219.1
Project("{FAE04EC0-301F-11D3-BF4B-00C04F79EFBC}") = "ContosoWebApi", "ContosoWebApi\ContosoWebApi.csproj", "{9CC5A23E-1E97-48DB-8684-1EB4EC727769}"
EndProject
Global
	GlobalSection(SolutionConfigurationPlatforms) = preSolution
		Debug|Any CPU = Debug|Any CPU
		Release|Any CPU = Release|Any CPU
	EndGlobalSection
	GlobalSection(ProjectConfigurationPlatforms) = postSolution
		{9CC5A23E-1E97-48DB-8684-1EB4EC727769}.Debug|Any CPU.ActiveCfg = Debug|Any CPU
		{9CC5A23E-1E97-48DB-8684-1EB4EC727769}.Debug|Any CPU.Build.0 = Debug|Any CPU
		{9CC5A23E-1E97-48DB-8684-1EB4EC727769}.Release|Any CPU.ActiveCfg = Release|Any CPU
		{9CC5A23E-1E97-48DB-8684-1EB4EC727769}.Release|Any CPU.Build.0 = Release|Any CPU
	EndGlobalSection
	GlobalSection(SolutionProperties) = preSolution
		HideSolutionNode = FALSE
	EndGlobalSection
	GlobalSection(ExtensibilityGlobals) = postSolution
		SolutionGuid = {B5FA6AD7-A52E-4975-B60F-124702EE7584}
	EndGlobalSection
EndGlobal
